
Microsoft Visual Studio Solution File, Format Version 12.00
# Visual Studio Version 17
VisualStudioVersion = 17.2.32630.192
MinimumVisualStudioVersion = 10.0.40219.1
Project("{9A19103F-16F7-4668-BE54-9A1E7A4F7556}") = "webProjeact", "webProjeact\webProjeact.csproj", "{CA1013FF-9CE4-4ED6-B8E3-89BA33041B51}"
EndProject
Project("{9A19103F-16F7-4668-BE54-9A1E7A4F7556}") = "DataRepository", "DataRepository\DataRepository.csproj", "{B4E6141A-9D34-4913-B827-D63235FB8902}"
EndProject
Project("{9A19103F-16F7-4668-BE54-9A1E7A4F7556}") = "Entity", "Entity\Entity.csproj", "{A2B6E468-130D-478D-ABE5-2908C6D70F8F}"
EndProject
Project("{9A19103F-16F7-4668-BE54-9A1E7A4F7556}") = "Service", "Service\Service.csproj", "{9EA548C4-0511-4903-A2B8-E50D30106EFD}"
EndProject
Project("{FAE04EC0-301F-11D3-BF4B-00C04F79EFBC}") = "DTO", "DTO\DTO.csproj", "{8F1F7EC6-8029-497F-872C-967C389CCC1E}"
EndProject
Global
	GlobalSection(SolutionConfigurationPlatforms) = preSolution
		Debug|Any CPU = Debug|Any CPU
		Release|Any CPU = Release|Any CPU
	EndGlobalSection
	GlobalSection(ProjectConfigurationPlatforms) = postSolution
		{CA1013FF-9CE4-4ED6-B8E3-89BA33041B51}.Debug|Any CPU.ActiveCfg = Debug|Any CPU
		{CA1013FF-9CE4-4ED6-B8E3-89BA33041B51}.Debug|Any CPU.Build.0 = Debug|Any CPU
		{CA1013FF-9CE4-4ED6-B8E3-89BA33041B51}.Release|Any CPU.ActiveCfg = Release|Any CPU
		{CA1013FF-9CE4-4ED6-B8E3-89BA33041B51}.Release|Any CPU.Build.0 = Release|Any CPU
		{B4E6141A-9D34-4913-B827-D63235FB8902}.Debug|Any CPU.ActiveCfg = Debug|Any CPU
		{B4E6141A-9D34-4913-B827-D63235FB8902}.Debug|Any CPU.Build.0 = Debug|Any CPU
		{B4E6141A-9D34-4913-B827-D63235FB8902}.Release|Any CPU.ActiveCfg = Release|Any CPU
		{B4E6141A-9D34-4913-B827-D63235FB8902}.Release|Any CPU.Build.0 = Release|Any CPU
		{A2B6E468-130D-478D-ABE5-2908C6D70F8F}.Debug|Any CPU.ActiveCfg = Debug|Any CPU
		{A2B6E468-130D-478D-ABE5-2908C6D70F8F}.Debug|Any CPU.Build.0 = Debug|Any CPU
		{A2B6E468-130D-478D-ABE5-2908C6D70F8F}.Release|Any CPU.ActiveCfg = Release|Any CPU
		{A2B6E468-130D-478D-ABE5-2908C6D70F8F}.Release|Any CPU.Build.0 = Release|Any CPU
		{9EA548C4-0511-4903-A2B8-E50D30106EFD}.Debug|Any CPU.ActiveCfg = Debug|Any CPU
		{9EA548C4-0511-4903-A2B8-E50D30106EFD}.Debug|Any CPU.Build.0 = Debug|Any CPU
		{9EA548C4-0511-4903-A2B8-E50D30106EFD}.Release|Any CPU.ActiveCfg = Release|Any CPU
		{9EA548C4-0511-4903-A2B8-E50D30106EFD}.Release|Any CPU.Build.0 = Release|Any CPU
		{8F1F7EC6-8029-497F-872C-967C389CCC1E}.Debug|Any CPU.ActiveCfg = Debug|Any CPU
		{8F1F7EC6-8029-497F-872C-967C389CCC1E}.Debug|Any CPU.Build.0 = Debug|Any CPU
		{8F1F7EC6-8029-497F-872C-967C389CCC1E}.Release|Any CPU.ActiveCfg = Release|Any CPU
		{8F1F7EC6-8029-497F-872C-967C389CCC1E}.Release|Any CPU.Build.0 = Release|Any CPU
	EndGlobalSection
	GlobalSection(SolutionProperties) = preSolution
		HideSolutionNode = FALSE
	EndGlobalSection
	GlobalSection(ExtensibilityGlobals) = postSolution
		SolutionGuid = {D8120A93-F78D-4AC3-8D7E-421F33127F5E}
	EndGlobalSection
EndGlobal
